# This file is automatically @generated by Cargo.
# It is not intended for manual editing.
[[package]]
name = "aho-corasick"
version = "0.7.15"
source = "registry+https://github.com/rust-lang/crates.io-index"
checksum = "7404febffaa47dac81aa44dba71523c9d069b1bdc50a77db41195149e17f68e5"
dependencies = [
 "memchr",
]

[[package]]
name = "ansi_term"
version = "0.11.0"
source = "registry+https://github.com/rust-lang/crates.io-index"
checksum = "ee49baf6cb617b853aa8d93bf420db2383fab46d314482ca2803b40d5fde979b"
dependencies = [
 "winapi",
]

[[package]]
name = "arrayref"
version = "0.3.6"
source = "registry+https://github.com/rust-lang/crates.io-index"
checksum = "a4c527152e37cf757a3f78aae5a06fbeefdb07ccc535c980a3208ee3060dd544"

[[package]]
name = "arrayvec"
version = "0.5.2"
source = "registry+https://github.com/rust-lang/crates.io-index"
checksum = "23b62fc65de8e4e7f52534fb52b0f3ed04746ae267519eef2a83941e8085068b"

[[package]]
name = "atty"
version = "0.2.14"
source = "registry+https://github.com/rust-lang/crates.io-index"
checksum = "d9b39be18770d11421cdb1b9947a45dd3f37e93092cbf377614828a319d5fee8"
dependencies = [
 "hermit-abi",
 "libc",
 "winapi",
]

[[package]]
name = "autocfg"
version = "1.0.1"
source = "registry+https://github.com/rust-lang/crates.io-index"
checksum = "cdb031dd78e28731d87d56cc8ffef4a8f36ca26c38fe2de700543e627f8a464a"

[[package]]
name = "base64"
version = "0.13.0"
source = "registry+https://github.com/rust-lang/crates.io-index"
checksum = "904dfeac50f3cdaba28fc6f57fdcddb75f49ed61346676a78c4ffe55877802fd"

[[package]]
name = "bitflags"
version = "1.2.1"
source = "registry+https://github.com/rust-lang/crates.io-index"
checksum = "cf1de2fe8c75bc145a2f577add951f8134889b4795d47466a54a5c846d691693"

[[package]]
name = "blake2b_simd"
version = "0.5.11"
source = "registry+https://github.com/rust-lang/crates.io-index"
checksum = "afa748e348ad3be8263be728124b24a24f268266f6f5d58af9d75f6a40b5c587"
dependencies = [
 "arrayref",
 "arrayvec",
 "constant_time_eq",
]

[[package]]
name = "bumpalo"
version = "3.4.0"
source = "registry+https://github.com/rust-lang/crates.io-index"
checksum = "2e8c087f005730276d1096a652e92a8bacee2e2472bcc9715a74d2bec38b5820"

[[package]]
name = "bytes"
version = "1.0.1"
source = "registry+https://github.com/rust-lang/crates.io-index"
checksum = "b700ce4376041dcd0a327fd0097c41095743c4c8af8887265942faf1100bd040"

[[package]]
name = "cc"
version = "1.0.66"
source = "registry+https://github.com/rust-lang/crates.io-index"
checksum = "4c0496836a84f8d0495758516b8621a622beb77c0fed418570e50764093ced48"

[[package]]
name = "cfg-if"
version = "0.1.10"
source = "registry+https://github.com/rust-lang/crates.io-index"
checksum = "4785bdd1c96b2a846b2bd7cc02e86b6b3dbf14e7e53446c4f54c92a361040822"

[[package]]
name = "cfg-if"
version = "1.0.0"
source = "registry+https://github.com/rust-lang/crates.io-index"
checksum = "baf1de4339761588bc0619e3cbc0120ee582ebb74b53b4efbf79117bd2da40fd"

[[package]]
name = "chrono"
version = "0.4.19"
source = "registry+https://github.com/rust-lang/crates.io-index"
checksum = "670ad68c9088c2a963aaa298cb369688cf3f9465ce5e2d4ca10e6e0098a1ce73"
dependencies = [
 "libc",
 "num-integer",
 "num-traits",
 "time",
 "winapi",
]

[[package]]
name = "clap"
version = "2.33.3"
source = "registry+https://github.com/rust-lang/crates.io-index"
checksum = "37e58ac78573c40708d45522f0d80fa2f01cc4f9b4e2bf749807255454312002"
dependencies = [
 "ansi_term",
 "atty",
 "bitflags",
 "strsim",
 "textwrap",
 "unicode-width",
 "vec_map",
 "yaml-rust",
]

[[package]]
name = "constant_time_eq"
version = "0.1.5"
source = "registry+https://github.com/rust-lang/crates.io-index"
checksum = "245097e9a4535ee1e3e3931fcfcd55a796a44c643e8596ff6566d68f09b87bbc"

[[package]]
name = "crossbeam-utils"
version = "0.8.1"
source = "registry+https://github.com/rust-lang/crates.io-index"
checksum = "02d96d1e189ef58269ebe5b97953da3274d83a93af647c2ddd6f9dab28cedb8d"
dependencies = [
 "autocfg",
 "cfg-if 1.0.0",
 "lazy_static",
]

[[package]]
name = "dirs"
version = "2.0.2"
source = "registry+https://github.com/rust-lang/crates.io-index"
checksum = "13aea89a5c93364a98e9b37b2fa237effbb694d5cfe01c5b70941f7eb087d5e3"
dependencies = [
 "cfg-if 0.1.10",
 "dirs-sys",
]

[[package]]
name = "dirs-sys"
version = "0.3.5"
source = "registry+https://github.com/rust-lang/crates.io-index"
checksum = "8e93d7f5705de3e49895a2b5e0b8855a1c27f080192ae9c32a6432d50741a57a"
dependencies = [
 "libc",
 "redox_users",
 "winapi",
]

[[package]]
name = "futures"
version = "0.3.9"
source = "registry+https://github.com/rust-lang/crates.io-index"
checksum = "c70be434c505aee38639abccb918163b63158a4b4bb791b45b7023044bdc3c9c"
dependencies = [
 "futures-channel",
 "futures-core",
 "futures-executor",
 "futures-io",
 "futures-sink",
 "futures-task",
 "futures-util",
]

[[package]]
name = "futures-channel"
version = "0.3.9"
source = "registry+https://github.com/rust-lang/crates.io-index"
checksum = "f01c61843314e95f96cc9245702248733a3a3d744e43e2e755e3c7af8348a0a9"
dependencies = [
 "futures-core",
 "futures-sink",
]

[[package]]
name = "futures-core"
version = "0.3.9"
source = "registry+https://github.com/rust-lang/crates.io-index"
checksum = "db8d3b0917ff63a2a96173133c02818fac4a746b0a57569d3baca9ec0e945e08"

[[package]]
name = "futures-executor"
version = "0.3.9"
source = "registry+https://github.com/rust-lang/crates.io-index"
checksum = "9ee9ca2f7eb4475772cf39dd1cd06208dce2670ad38f4d9c7262b3e15f127068"
dependencies = [
 "futures-core",
 "futures-task",
 "futures-util",
]

[[package]]
name = "futures-io"
version = "0.3.9"
source = "registry+https://github.com/rust-lang/crates.io-index"
checksum = "e37c1a51b037b80922864b8eed90692c5cd8abd4c71ce49b77146caa47f3253b"

[[package]]
name = "futures-macro"
version = "0.3.9"
source = "registry+https://github.com/rust-lang/crates.io-index"
checksum = "0f8719ca0e1f3c5e34f3efe4570ef2c0610ca6da85ae7990d472e9cbfba13664"
dependencies = [
 "proc-macro-hack",
 "proc-macro2",
 "quote",
 "syn",
]

[[package]]
name = "futures-sink"
version = "0.3.9"
source = "registry+https://github.com/rust-lang/crates.io-index"
checksum = "f6adabac1290109cfa089f79192fb6244ad2c3f1cc2281f3e1dd987592b71feb"

[[package]]
name = "futures-task"
version = "0.3.9"
source = "registry+https://github.com/rust-lang/crates.io-index"
checksum = "a92a0843a2ff66823a8f7c77bffe9a09be2b64e533562c412d63075643ec0038"
dependencies = [
 "once_cell",
]

[[package]]
name = "futures-util"
version = "0.3.9"
source = "registry+https://github.com/rust-lang/crates.io-index"
checksum = "036a2107cdeb57f6d7322f1b6c363dad67cd63ca3b7d1b925bdf75bd5d96cda9"
dependencies = [
 "futures-channel",
 "futures-core",
 "futures-io",
 "futures-macro",
 "futures-sink",
 "futures-task",
 "memchr",
 "pin-project-lite",
 "pin-utils",
 "proc-macro-hack",
 "proc-macro-nested",
 "slab",
]

[[package]]
name = "getrandom"
version = "0.1.16"
source = "registry+https://github.com/rust-lang/crates.io-index"
checksum = "8fc3cb4d91f53b50155bdcfd23f6a4c39ae1969c2ae85982b135750cccaf5fce"
dependencies = [
 "cfg-if 1.0.0",
 "libc",
 "wasi 0.9.0+wasi-snapshot-preview1",
]

[[package]]
name = "getrandom"
version = "0.2.1"
source = "registry+https://github.com/rust-lang/crates.io-index"
checksum = "4060f4657be78b8e766215b02b18a2e862d83745545de804638e2b545e81aee6"
dependencies = [
 "cfg-if 1.0.0",
 "libc",
 "wasi 0.10.1+wasi-snapshot-preview1",
]

[[package]]
name = "hermit-abi"
version = "0.1.17"
source = "registry+https://github.com/rust-lang/crates.io-index"
checksum = "5aca5565f760fb5b220e499d72710ed156fdb74e631659e99377d9ebfbd13ae8"
dependencies = [
 "libc",
]

[[package]]
name = "hex"
version = "0.4.2"
source = "registry+https://github.com/rust-lang/crates.io-index"
checksum = "644f9158b2f133fd50f5fb3242878846d9eb792e445c893805ff0e3824006e35"

[[package]]
name = "instant"
version = "0.1.9"
source = "registry+https://github.com/rust-lang/crates.io-index"
checksum = "61124eeebbd69b8190558df225adf7e4caafce0d743919e5d6b19652314ec5ec"
dependencies = [
 "cfg-if 1.0.0",
]

[[package]]
name = "js-sys"
version = "0.3.46"
source = "registry+https://github.com/rust-lang/crates.io-index"
checksum = "cf3d7383929f7c9c7c2d0fa596f325832df98c3704f2c60553080f7127a58175"
dependencies = [
 "wasm-bindgen",
]

[[package]]
name = "lazy_static"
version = "1.4.0"
source = "registry+https://github.com/rust-lang/crates.io-index"
checksum = "e2abad23fbc42b3700f2f279844dc832adb2b2eb069b2df918f455c4e18cc646"

[[package]]
name = "libc"
version = "0.2.82"
source = "registry+https://github.com/rust-lang/crates.io-index"
checksum = "89203f3fba0a3795506acaad8ebce3c80c0af93f994d5a1d7a0b1eeb23271929"

[[package]]
name = "lightspeed-ingest"
version = "0.1.0"
dependencies = [
 "bytes",
 "clap",
 "futures",
 "futures-util",
 "hex",
 "log",
 "rand",
 "regex",
 "ring",
 "rtp-rs",
 "simplelog",
 "tokio",
 "tokio-util",
]

[[package]]
name = "lock_api"
version = "0.4.2"
source = "registry+https://github.com/rust-lang/crates.io-index"
checksum = "dd96ffd135b2fd7b973ac026d28085defbe8983df057ced3eb4f2130b0831312"
dependencies = [
 "scopeguard",
]

[[package]]
name = "log"
version = "0.4.13"
source = "registry+https://github.com/rust-lang/crates.io-index"
checksum = "fcf3805d4480bb5b86070dcfeb9e2cb2ebc148adb753c5cca5f884d1d65a42b2"
dependencies = [
 "cfg-if 0.1.10",
]

[[package]]
name = "memchr"
version = "2.3.4"
source = "registry+https://github.com/rust-lang/crates.io-index"
checksum = "0ee1c47aaa256ecabcaea351eae4a9b01ef39ed810004e298d2511ed284b1525"

[[package]]
name = "mio"
version = "0.7.7"
source = "registry+https://github.com/rust-lang/crates.io-index"
checksum = "e50ae3f04d169fcc9bde0b547d1c205219b7157e07ded9c5aff03e0637cb3ed7"
dependencies = [
 "libc",
 "log",
 "miow",
 "ntapi",
 "winapi",
]

[[package]]
name = "miow"
version = "0.3.6"
source = "registry+https://github.com/rust-lang/crates.io-index"
checksum = "5a33c1b55807fbed163481b5ba66db4b2fa6cde694a5027be10fb724206c5897"
dependencies = [
 "socket2",
 "winapi",
]

[[package]]
name = "ntapi"
version = "0.3.6"
source = "registry+https://github.com/rust-lang/crates.io-index"
checksum = "3f6bb902e437b6d86e03cce10a7e2af662292c5dfef23b65899ea3ac9354ad44"
dependencies = [
 "winapi",
]

[[package]]
name = "num-integer"
version = "0.1.44"
source = "registry+https://github.com/rust-lang/crates.io-index"
checksum = "d2cc698a63b549a70bc047073d2949cce27cd1c7b0a4a862d08a8031bc2801db"
dependencies = [
 "autocfg",
 "num-traits",
]

[[package]]
name = "num-traits"
version = "0.2.14"
source = "registry+https://github.com/rust-lang/crates.io-index"
checksum = "9a64b1ec5cda2586e284722486d802acf1f7dbdc623e2bfc57e65ca1cd099290"
dependencies = [
 "autocfg",
]

[[package]]
name = "num_cpus"
version = "1.13.0"
source = "registry+https://github.com/rust-lang/crates.io-index"
checksum = "05499f3756671c15885fee9034446956fff3f243d6077b91e5767df161f766b3"
dependencies = [
 "hermit-abi",
 "libc",
]

[[package]]
name = "once_cell"
version = "1.5.2"
source = "registry+https://github.com/rust-lang/crates.io-index"
checksum = "13bd41f508810a131401606d54ac32a467c97172d74ba7662562ebba5ad07fa0"

[[package]]
name = "parking_lot"
version = "0.11.1"
source = "registry+https://github.com/rust-lang/crates.io-index"
checksum = "6d7744ac029df22dca6284efe4e898991d28e3085c706c972bcd7da4a27a15eb"
dependencies = [
 "instant",
 "lock_api",
 "parking_lot_core",
]

[[package]]
name = "parking_lot_core"
version = "0.8.2"
source = "registry+https://github.com/rust-lang/crates.io-index"
checksum = "9ccb628cad4f84851442432c60ad8e1f607e29752d0bf072cbd0baf28aa34272"
dependencies = [
 "cfg-if 1.0.0",
 "instant",
 "libc",
 "redox_syscall",
 "smallvec",
 "winapi",
]

[[package]]
name = "pin-project-lite"
version = "0.2.4"
source = "registry+https://github.com/rust-lang/crates.io-index"
checksum = "439697af366c49a6d0a010c56a0d97685bc140ce0d377b13a2ea2aa42d64a827"

[[package]]
name = "pin-utils"
version = "0.1.0"
source = "registry+https://github.com/rust-lang/crates.io-index"
checksum = "8b870d8c151b6f2fb93e84a13146138f05d02ed11c7e7c54f8826aaaf7c9f184"

[[package]]
name = "ppv-lite86"
version = "0.2.10"
source = "registry+https://github.com/rust-lang/crates.io-index"
checksum = "ac74c624d6b2d21f425f752262f42188365d7b8ff1aff74c82e45136510a4857"

[[package]]
name = "proc-macro-hack"
version = "0.5.19"
source = "registry+https://github.com/rust-lang/crates.io-index"
checksum = "dbf0c48bc1d91375ae5c3cd81e3722dff1abcf81a30960240640d223f59fe0e5"

[[package]]
name = "proc-macro-nested"
version = "0.1.6"
source = "registry+https://github.com/rust-lang/crates.io-index"
checksum = "eba180dafb9038b050a4c280019bbedf9f2467b61e5d892dcad585bb57aadc5a"

[[package]]
name = "proc-macro2"
version = "1.0.24"
source = "registry+https://github.com/rust-lang/crates.io-index"
checksum = "1e0704ee1a7e00d7bb417d0770ea303c1bccbabf0ef1667dae92b5967f5f8a71"
dependencies = [
 "unicode-xid",
]

[[package]]
name = "quote"
version = "1.0.8"
source = "registry+https://github.com/rust-lang/crates.io-index"
checksum = "991431c3519a3f36861882da93630ce66b52918dcf1b8e2fd66b397fc96f28df"
dependencies = [
 "proc-macro2",
]

[[package]]
name = "rand"
version = "0.8.1"
source = "registry+https://github.com/rust-lang/crates.io-index"
checksum = "c24fcd450d3fa2b592732565aa4f17a27a61c65ece4726353e000939b0edee34"
dependencies = [
 "libc",
 "rand_chacha",
 "rand_core",
 "rand_hc",
]

[[package]]
name = "rand_chacha"
version = "0.3.0"
source = "registry+https://github.com/rust-lang/crates.io-index"
checksum = "e12735cf05c9e10bf21534da50a147b924d555dc7a547c42e6bb2d5b6017ae0d"
dependencies = [
 "ppv-lite86",
 "rand_core",
]

[[package]]
name = "rand_core"
version = "0.6.1"
source = "registry+https://github.com/rust-lang/crates.io-index"
checksum = "c026d7df8b298d90ccbbc5190bd04d85e159eaf5576caeacf8741da93ccbd2e5"
dependencies = [
 "getrandom 0.2.1",
]

[[package]]
name = "rand_hc"
version = "0.3.0"
source = "registry+https://github.com/rust-lang/crates.io-index"
checksum = "3190ef7066a446f2e7f42e239d161e905420ccab01eb967c9eb27d21b2322a73"
dependencies = [
 "rand_core",
]

[[package]]
name = "redox_syscall"
version = "0.1.57"
source = "registry+https://github.com/rust-lang/crates.io-index"
checksum = "41cc0f7e4d5d4544e8861606a285bb08d3e70712ccc7d2b84d7c0ccfaf4b05ce"

[[package]]
name = "redox_users"
version = "0.3.5"
source = "registry+https://github.com/rust-lang/crates.io-index"
checksum = "de0737333e7a9502c789a36d7c7fa6092a49895d4faa31ca5df163857ded2e9d"
dependencies = [
 "getrandom 0.1.16",
 "redox_syscall",
 "rust-argon2",
]

[[package]]
name = "regex"
version = "1.4.3"
source = "registry+https://github.com/rust-lang/crates.io-index"
checksum = "d9251239e129e16308e70d853559389de218ac275b515068abc96829d05b948a"
dependencies = [
 "aho-corasick",
 "memchr",
 "regex-syntax",
 "thread_local",
]

[[package]]
name = "regex-syntax"
version = "0.6.22"
source = "registry+https://github.com/rust-lang/crates.io-index"
checksum = "b5eb417147ba9860a96cfe72a0b93bf88fee1744b5636ec99ab20c1aa9376581"

[[package]]
name = "ring"
version = "0.16.19"
source = "registry+https://github.com/rust-lang/crates.io-index"
checksum = "024a1e66fea74c66c66624ee5622a7ff0e4b73a13b4f5c326ddb50c708944226"
dependencies = [
 "cc",
 "libc",
 "once_cell",
 "spin",
 "untrusted",
 "web-sys",
 "winapi",
]

[[package]]
name = "rtp-rs"
version = "0.5.0"
source = "registry+https://github.com/rust-lang/crates.io-index"
checksum = "e1110d695193d446e901de09921ffbf2d86ae351bbfde9c5b53863ce177e17f5"

[[package]]
name = "rust-argon2"
version = "0.8.3"
source = "registry+https://github.com/rust-lang/crates.io-index"
checksum = "4b18820d944b33caa75a71378964ac46f58517c92b6ae5f762636247c09e78fb"
dependencies = [
 "base64",
 "blake2b_simd",
 "constant_time_eq",
 "crossbeam-utils",
]

[[package]]
name = "scopeguard"
version = "1.1.0"
source = "registry+https://github.com/rust-lang/crates.io-index"
checksum = "d29ab0c6d3fc0ee92fe66e2d99f700eab17a8d57d1c1d3b748380fb20baa78cd"

[[package]]
name = "signal-hook-registry"
version = "1.3.0"
source = "registry+https://github.com/rust-lang/crates.io-index"
checksum = "16f1d0fef1604ba8f7a073c7e701f213e056707210e9020af4528e0101ce11a6"
dependencies = [
 "libc",
]

[[package]]
name = "simplelog"
version = "0.7.6"
source = "registry+https://github.com/rust-lang/crates.io-index"
checksum = "3cf9a002ccce717d066b3ccdb8a28829436249867229291e91b25d99bd723f0d"
dependencies = [
 "chrono",
 "log",
 "term",
]

[[package]]
name = "slab"
version = "0.4.2"
source = "registry+https://github.com/rust-lang/crates.io-index"
checksum = "c111b5bd5695e56cffe5129854aa230b39c93a305372fdbb2668ca2394eea9f8"

[[package]]
name = "smallvec"
version = "1.6.1"
source = "registry+https://github.com/rust-lang/crates.io-index"
checksum = "fe0f37c9e8f3c5a4a66ad655a93c74daac4ad00c441533bf5c6e7990bb42604e"

[[package]]
name = "socket2"
version = "0.3.19"
source = "registry+https://github.com/rust-lang/crates.io-index"
checksum = "122e570113d28d773067fab24266b66753f6ea915758651696b6e35e49f88d6e"
dependencies = [
 "cfg-if 1.0.0",
 "libc",
 "winapi",
]

[[package]]
name = "spin"
version = "0.5.2"
source = "registry+https://github.com/rust-lang/crates.io-index"
checksum = "6e63cff320ae2c57904679ba7cb63280a3dc4613885beafb148ee7bf9aa9042d"

[[package]]
name = "strsim"
version = "0.8.0"
source = "registry+https://github.com/rust-lang/crates.io-index"
checksum = "8ea5119cdb4c55b55d432abb513a0429384878c15dde60cc77b1c99de1a95a6a"

[[package]]
name = "syn"
version = "1.0.58"
source = "registry+https://github.com/rust-lang/crates.io-index"
checksum = "cc60a3d73ea6594cd712d830cc1f0390fd71542d8c8cd24e70cc54cdfd5e05d5"
dependencies = [
 "proc-macro2",
 "quote",
 "unicode-xid",
]

[[package]]
name = "term"
version = "0.6.1"
source = "registry+https://github.com/rust-lang/crates.io-index"
checksum = "c0863a3345e70f61d613eab32ee046ccd1bcc5f9105fe402c61fcd0c13eeb8b5"
dependencies = [
 "dirs",
 "winapi",
]

[[package]]
name = "textwrap"
version = "0.11.0"
source = "registry+https://github.com/rust-lang/crates.io-index"
checksum = "d326610f408c7a4eb6f51c37c330e496b08506c9457c9d34287ecc38809fb060"
dependencies = [
 "unicode-width",
]

[[package]]
name = "thread_local"
version = "1.1.0"
source = "registry+https://github.com/rust-lang/crates.io-index"
checksum = "bb9bc092d0d51e76b2b19d9d85534ffc9ec2db959a2523cdae0697e2972cd447"
dependencies = [
 "lazy_static",
]

[[package]]
name = "time"
version = "0.1.43"
source = "registry+https://github.com/rust-lang/crates.io-index"
checksum = "ca8a50ef2360fbd1eeb0ecd46795a87a19024eb4b53c5dc916ca1fd95fe62438"
dependencies = [
 "libc",
 "winapi",
]

[[package]]
name = "tokio"
version = "1.0.1"
source = "registry+https://github.com/rust-lang/crates.io-index"
checksum = "d258221f566b6c803c7b4714abadc080172b272090cdc5e244a6d4dd13c3a6bd"
dependencies = [
 "autocfg",
 "bytes",
 "libc",
 "memchr",
 "mio",
 "num_cpus",
 "once_cell",
 "parking_lot",
 "pin-project-lite",
 "signal-hook-registry",
 "tokio-macros",
 "winapi",
]

[[package]]
name = "tokio-macros"
version = "1.0.0"
source = "registry+https://github.com/rust-lang/crates.io-index"
checksum = "42517d2975ca3114b22a16192634e8241dc5cc1f130be194645970cc1c371494"
dependencies = [
 "proc-macro2",
 "quote",
 "syn",
]

[[package]]
name = "tokio-stream"
version = "0.1.1"
source = "registry+https://github.com/rust-lang/crates.io-index"
checksum = "e4cdeb73537e63f98adcd73138af75e3f368ccaecffaa29d7eb61b9f5a440457"
dependencies = [
 "futures-core",
 "pin-project-lite",
 "tokio",
]

[[package]]
name = "tokio-util"
version = "0.6.1"
source = "registry+https://github.com/rust-lang/crates.io-index"
checksum = "12ae4751faa60b9f96dd8344d74592e5a17c0c9a220413dbc6942d14139bbfcc"
dependencies = [
 "bytes",
 "futures-core",
 "futures-sink",
 "log",
 "pin-project-lite",
 "tokio",
 "tokio-stream",
]

[[package]]
name = "unicode-width"
version = "0.1.8"
source = "registry+https://github.com/rust-lang/crates.io-index"
checksum = "9337591893a19b88d8d87f2cec1e73fad5cdfd10e5a6f349f498ad6ea2ffb1e3"

[[package]]
name = "unicode-xid"
version = "0.2.1"
source = "registry+https://github.com/rust-lang/crates.io-index"
checksum = "f7fe0bb3479651439c9112f72b6c505038574c9fbb575ed1bf3b797fa39dd564"

[[package]]
name = "untrusted"
version = "0.7.1"
source = "registry+https://github.com/rust-lang/crates.io-index"
checksum = "a156c684c91ea7d62626509bce3cb4e1d9ed5c4d978f7b4352658f96a4c26b4a"

[[package]]
name = "vec_map"
version = "0.8.2"
source = "registry+https://github.com/rust-lang/crates.io-index"
checksum = "f1bddf1187be692e79c5ffeab891132dfb0f236ed36a43c7ed39f1165ee20191"

[[package]]
name = "wasi"
version = "0.9.0+wasi-snapshot-preview1"
source = "registry+https://github.com/rust-lang/crates.io-index"
checksum = "cccddf32554fecc6acb585f82a32a72e28b48f8c4c1883ddfeeeaa96f7d8e519"

[[package]]
name = "wasi"
version = "0.10.1+wasi-snapshot-preview1"
source = "registry+https://github.com/rust-lang/crates.io-index"
checksum = "93c6c3420963c5c64bca373b25e77acb562081b9bb4dd5bb864187742186cea9"

[[package]]
name = "wasm-bindgen"
version = "0.2.69"
source = "registry+https://github.com/rust-lang/crates.io-index"
checksum = "3cd364751395ca0f68cafb17666eee36b63077fb5ecd972bbcd74c90c4bf736e"
dependencies = [
 "cfg-if 1.0.0",
 "wasm-bindgen-macro",
]

[[package]]
name = "wasm-bindgen-backend"
version = "0.2.69"
source = "registry+https://github.com/rust-lang/crates.io-index"
checksum = "1114f89ab1f4106e5b55e688b828c0ab0ea593a1ea7c094b141b14cbaaec2d62"
dependencies = [
 "bumpalo",
 "lazy_static",
 "log",
 "proc-macro2",
 "quote",
 "syn",
 "wasm-bindgen-shared",
]

[[package]]
name = "wasm-bindgen-macro"
version = "0.2.69"
source = "registry+https://github.com/rust-lang/crates.io-index"
checksum = "7a6ac8995ead1f084a8dea1e65f194d0973800c7f571f6edd70adf06ecf77084"
dependencies = [
 "quote",
 "wasm-bindgen-macro-support",
]

[[package]]
name = "wasm-bindgen-macro-support"
version = "0.2.69"
source = "registry+https://github.com/rust-lang/crates.io-index"
checksum = "b5a48c72f299d80557c7c62e37e7225369ecc0c963964059509fbafe917c7549"
dependencies = [
 "proc-macro2",
 "quote",
 "syn",
 "wasm-bindgen-backend",
 "wasm-bindgen-shared",
]

[[package]]
name = "wasm-bindgen-shared"
version = "0.2.69"
source = "registry+https://github.com/rust-lang/crates.io-index"
checksum = "7e7811dd7f9398f14cc76efd356f98f03aa30419dea46aa810d71e819fc97158"

[[package]]
name = "web-sys"
version = "0.3.46"
source = "registry+https://github.com/rust-lang/crates.io-index"
checksum = "222b1ef9334f92a21d3fb53dc3fd80f30836959a90f9274a626d7e06315ba3c3"
dependencies = [
 "js-sys",
 "wasm-bindgen",
]

[[package]]
name = "winapi"
version = "0.3.9"
source = "registry+https://github.com/rust-lang/crates.io-index"
checksum = "5c839a674fcd7a98952e593242ea400abe93992746761e38641405d28b00f419"
dependencies = [
 "winapi-i686-pc-windows-gnu",
 "winapi-x86_64-pc-windows-gnu",
]

[[package]]
name = "winapi-i686-pc-windows-gnu"
version = "0.4.0"
source = "registry+https://github.com/rust-lang/crates.io-index"
checksum = "ac3b87c63620426dd9b991e5ce0329eff545bccbbb34f3be09ff6fb6ab51b7b6"

[[package]]
name = "winapi-x86_64-pc-windows-gnu"
version = "0.4.0"
source = "registry+https://github.com/rust-lang/crates.io-index"
checksum = "712e227841d057c1ee1cd2fb22fa7e5a5461ae8e48fa2ca79ec42cfc1931183f"

[[package]]
name = "yaml-rust"
version = "0.3.5"
source = "registry+https://github.com/rust-lang/crates.io-index"
checksum = "e66366e18dc58b46801afbf2ca7661a9f59cc8c5962c29892b6039b4f86fa992"
